// !$*UTF8*$!
{
	archiveVersion = 1;
	classes = {
	};
	objectVersion = 56;
	objects = {

/* Begin PBXBuildFile section */
		090B0801291E67900050F039 /* InsertCoinApp.swift in Sources */ = {isa = PBXBuildFile; fileRef = 090B0800291E67900050F039 /* InsertCoinApp.swift */; };
		090B0805291E67920050F039 /* Assets.xcassets in Resources */ = {isa = PBXBuildFile; fileRef = 090B0804291E67920050F039 /* Assets.xcassets */; };
		090B0808291E67920050F039 /* Preview Assets.xcassets in Resources */ = {isa = PBXBuildFile; fileRef = 090B0807291E67920050F039 /* Preview Assets.xcassets */; };
		090B0813291E67CF0050F039 /* HomeView.swift in Sources */ = {isa = PBXBuildFile; fileRef = 090B0812291E67CF0050F039 /* HomeView.swift */; };
		090B0815291E67DE0050F039 /* Category.swift in Sources */ = {isa = PBXBuildFile; fileRef = 090B0814291E67DE0050F039 /* Category.swift */; };
		090B0818291E684B0050F039 /* Realm in Frameworks */ = {isa = PBXBuildFile; productRef = 090B0817291E684B0050F039 /* Realm */; };
		090B081A291E684B0050F039 /* RealmSwift in Frameworks */ = {isa = PBXBuildFile; productRef = 090B0819291E684B0050F039 /* RealmSwift */; };
		090B081C291E68690050F039 /* Migrator.swift in Sources */ = {isa = PBXBuildFile; fileRef = 090B081B291E68690050F039 /* Migrator.swift */; };
		090B081E291E693E0050F039 /* Expenditure.swift in Sources */ = {isa = PBXBuildFile; fileRef = 090B081D291E693E0050F039 /* Expenditure.swift */; };
		090B0822291E6AC80050F039 /* HeaderView.swift in Sources */ = {isa = PBXBuildFile; fileRef = 090B0821291E6AC80050F039 /* HeaderView.swift */; };
		090B0824291E6AD50050F039 /* CategoryCardView.swift in Sources */ = {isa = PBXBuildFile; fileRef = 090B0823291E6AD50050F039 /* CategoryCardView.swift */; };
		090B0826291E6AE20050F039 /* CategoryDetailView.swift in Sources */ = {isa = PBXBuildFile; fileRef = 090B0825291E6AE20050F039 /* CategoryDetailView.swift */; };
		090B0828291E6AEB0050F039 /* CategoryAddView.swift in Sources */ = {isa = PBXBuildFile; fileRef = 090B0827291E6AEB0050F039 /* CategoryAddView.swift */; };
		090B082A291E6AF80050F039 /* CategoryStatusView.swift in Sources */ = {isa = PBXBuildFile; fileRef = 090B0829291E6AF80050F039 /* CategoryStatusView.swift */; };
		090B082C291E6B040050F039 /* CategoryGaugeView.swift in Sources */ = {isa = PBXBuildFile; fileRef = 090B082B291E6B040050F039 /* CategoryGaugeView.swift */; };
		090B082E291E6B0E0050F039 /* ExpenditureCardView.swift in Sources */ = {isa = PBXBuildFile; fileRef = 090B082D291E6B0E0050F039 /* ExpenditureCardView.swift */; };
		090B0832291E6B220050F039 /* ExpenditureModalView.swift in Sources */ = {isa = PBXBuildFile; fileRef = 090B0831291E6B220050F039 /* ExpenditureModalView.swift */; };
		090B0834291E976B0050F039 /* Total.swift in Sources */ = {isa = PBXBuildFile; fileRef = 090B0833291E976B0050F039 /* Total.swift */; };
		090B0836291E9A3B0050F039 /* TotalAmount.swift in Sources */ = {isa = PBXBuildFile; fileRef = 090B0835291E9A3B0050F039 /* TotalAmount.swift */; };
/* End PBXBuildFile section */

/* Begin PBXFileReference section */
		090B07FD291E67900050F039 /* InsertCoin.app */ = {isa = PBXFileReference; explicitFileType = wrapper.application; includeInIndex = 0; path = InsertCoin.app; sourceTree = BUILT_PRODUCTS_DIR; };
		090B0800291E67900050F039 /* InsertCoinApp.swift */ = {isa = PBXFileReference; lastKnownFileType = sourcecode.swift; path = InsertCoinApp.swift; sourceTree = "<group>"; };
		090B0804291E67920050F039 /* Assets.xcassets */ = {isa = PBXFileReference; lastKnownFileType = folder.assetcatalog; path = Assets.xcassets; sourceTree = "<group>"; };
		090B0807291E67920050F039 /* Preview Assets.xcassets */ = {isa = PBXFileReference; lastKnownFileType = folder.assetcatalog; path = "Preview Assets.xcassets"; sourceTree = "<group>"; };
		090B0812291E67CF0050F039 /* HomeView.swift */ = {isa = PBXFileReference; lastKnownFileType = sourcecode.swift; path = HomeView.swift; sourceTree = "<group>"; };
		090B0814291E67DE0050F039 /* Category.swift */ = {isa = PBXFileReference; lastKnownFileType = sourcecode.swift; path = Category.swift; sourceTree = "<group>"; };
		090B081B291E68690050F039 /* Migrator.swift */ = {isa = PBXFileReference; lastKnownFileType = sourcecode.swift; path = Migrator.swift; sourceTree = "<group>"; };
		090B081D291E693E0050F039 /* Expenditure.swift */ = {isa = PBXFileReference; lastKnownFileType = sourcecode.swift; path = Expenditure.swift; sourceTree = "<group>"; };
		090B0821291E6AC80050F039 /* HeaderView.swift */ = {isa = PBXFileReference; lastKnownFileType = sourcecode.swift; path = HeaderView.swift; sourceTree = "<group>"; };
		090B0823291E6AD50050F039 /* CategoryCardView.swift */ = {isa = PBXFileReference; lastKnownFileType = sourcecode.swift; path = CategoryCardView.swift; sourceTree = "<group>"; };
		090B0825291E6AE20050F039 /* CategoryDetailView.swift */ = {isa = PBXFileReference; lastKnownFileType = sourcecode.swift; path = CategoryDetailView.swift; sourceTree = "<group>"; };
		090B0827291E6AEB0050F039 /* CategoryAddView.swift */ = {isa = PBXFileReference; lastKnownFileType = sourcecode.swift; path = CategoryAddView.swift; sourceTree = "<group>"; };
		090B0829291E6AF80050F039 /* CategoryStatusView.swift */ = {isa = PBXFileReference; lastKnownFileType = sourcecode.swift; path = CategoryStatusView.swift; sourceTree = "<group>"; };
		090B082B291E6B040050F039 /* CategoryGaugeView.swift */ = {isa = PBXFileReference; lastKnownFileType = sourcecode.swift; path = CategoryGaugeView.swift; sourceTree = "<group>"; };
		090B082D291E6B0E0050F039 /* ExpenditureCardView.swift */ = {isa = PBXFileReference; lastKnownFileType = sourcecode.swift; path = ExpenditureCardView.swift; sourceTree = "<group>"; };
		090B0831291E6B220050F039 /* ExpenditureModalView.swift */ = {isa = PBXFileReference; lastKnownFileType = sourcecode.swift; path = ExpenditureModalView.swift; sourceTree = "<group>"; };
		090B0833291E976B0050F039 /* Total.swift */ = {isa = PBXFileReference; lastKnownFileType = sourcecode.swift; path = Total.swift; sourceTree = "<group>"; };
		090B0835291E9A3B0050F039 /* TotalAmount.swift */ = {isa = PBXFileReference; lastKnownFileType = sourcecode.swift; path = TotalAmount.swift; sourceTree = "<group>"; };
/* End PBXFileReference section */

/* Begin PBXFrameworksBuildPhase section */
		090B07FA291E67900050F039 /* Frameworks */ = {
			isa = PBXFrameworksBuildPhase;
			buildActionMask = 2147483647;
			files = (
				090B081A291E684B0050F039 /* RealmSwift in Frameworks */,
				090B0818291E684B0050F039 /* Realm in Frameworks */,
			);
			runOnlyForDeploymentPostprocessing = 0;
		};
/* End PBXFrameworksBuildPhase section */

/* Begin PBXGroup section */
		090B07F4291E67900050F039 = {
			isa = PBXGroup;
			children = (
				090B07FF291E67900050F039 /* InsertCoin */,
				090B07FE291E67900050F039 /* Products */,
			);
			sourceTree = "<group>";
		};
		090B07FE291E67900050F039 /* Products */ = {
			isa = PBXGroup;
			children = (
				090B07FD291E67900050F039 /* InsertCoin.app */,
			);
			name = Products;
			sourceTree = "<group>";
		};
		090B07FF291E67900050F039 /* InsertCoin */ = {
			isa = PBXGroup;
			children = (
				090B0800291E67900050F039 /* InsertCoinApp.swift */,
				090B0811291E67C10050F039 /* Utils */,
				090B0810291E67B00050F039 /* Models */,
				090B080F291E67A80050F039 /* ViewModels */,
				090B080E291E67A00050F039 /* Views */,
				090B0804291E67920050F039 /* Assets.xcassets */,
				090B0806291E67920050F039 /* Preview Content */,
			);
			path = InsertCoin;
			sourceTree = "<group>";
		};
		090B0806291E67920050F039 /* Preview Content */ = {
			isa = PBXGroup;
			children = (
				090B0807291E67920050F039 /* Preview Assets.xcassets */,
			);
			path = "Preview Content";
			sourceTree = "<group>";
		};
		090B080E291E67A00050F039 /* Views */ = {
			isa = PBXGroup;
			children = (
				090B0812291E67CF0050F039 /* HomeView.swift */,
				090B0821291E6AC80050F039 /* HeaderView.swift */,
				090B081F291E6AAD0050F039 /* Category */,
				090B0820291E6AB30050F039 /* Expenditure */,
			);
			path = Views;
			sourceTree = "<group>";
		};
		090B080F291E67A80050F039 /* ViewModels */ = {
			isa = PBXGroup;
			children = (
				090B0835291E9A3B0050F039 /* TotalAmount.swift */,
			);
			path = ViewModels;
			sourceTree = "<group>";
		};
		090B0810291E67B00050F039 /* Models */ = {
			isa = PBXGroup;
			children = (
				090B0833291E976B0050F039 /* Total.swift */,
				090B0814291E67DE0050F039 /* Category.swift */,
				090B081D291E693E0050F039 /* Expenditure.swift */,
			);
			path = Models;
			sourceTree = "<group>";
		};
		090B0811291E67C10050F039 /* Utils */ = {
			isa = PBXGroup;
			children = (
				090B081B291E68690050F039 /* Migrator.swift */,
			);
			path = Utils;
			sourceTree = "<group>";
		};
		090B081F291E6AAD0050F039 /* Category */ = {
			isa = PBXGroup;
			children = (
				090B0823291E6AD50050F039 /* CategoryCardView.swift */,
				090B0825291E6AE20050F039 /* CategoryDetailView.swift */,
				090B0827291E6AEB0050F039 /* CategoryAddView.swift */,
				090B0829291E6AF80050F039 /* CategoryStatusView.swift */,
				090B082B291E6B040050F039 /* CategoryGaugeView.swift */,
			);
			path = Category;
			sourceTree = "<group>";
		};
		090B0820291E6AB30050F039 /* Expenditure */ = {
			isa = PBXGroup;
			children = (
				090B082D291E6B0E0050F039 /* ExpenditureCardView.swift */,
				090B0831291E6B220050F039 /* ExpenditureModalView.swift */,
			);
			path = Expenditure;
			sourceTree = "<group>";
		};
/* End PBXGroup section */

/* Begin PBXNativeTarget section */
		090B07FC291E67900050F039 /* InsertCoin */ = {
			isa = PBXNativeTarget;
			buildConfigurationList = 090B080B291E67920050F039 /* Build configuration list for PBXNativeTarget "InsertCoin" */;
			buildPhases = (
				090B07F9291E67900050F039 /* Sources */,
				090B07FA291E67900050F039 /* Frameworks */,
				090B07FB291E67900050F039 /* Resources */,
			);
			buildRules = (
			);
			dependencies = (
			);
			name = InsertCoin;
			packageProductDependencies = (
				090B0817291E684B0050F039 /* Realm */,
				090B0819291E684B0050F039 /* RealmSwift */,
			);
			productName = InsertCoin;
			productReference = 090B07FD291E67900050F039 /* InsertCoin.app */;
			productType = "com.apple.product-type.application";
		};
/* End PBXNativeTarget section */

/* Begin PBXProject section */
		090B07F5291E67900050F039 /* Project object */ = {
			isa = PBXProject;
			attributes = {
				BuildIndependentTargetsInParallel = 1;
				LastSwiftUpdateCheck = 1400;
				LastUpgradeCheck = 1400;
				TargetAttributes = {
					090B07FC291E67900050F039 = {
						CreatedOnToolsVersion = 14.0.1;
					};
				};
			};
			buildConfigurationList = 090B07F8291E67900050F039 /* Build configuration list for PBXProject "InsertCoin" */;
			compatibilityVersion = "Xcode 14.0";
			developmentRegion = en;
			hasScannedForEncodings = 0;
			knownRegions = (
				en,
				Base,
			);
			mainGroup = 090B07F4291E67900050F039;
			packageReferences = (
				090B0816291E684B0050F039 /* XCRemoteSwiftPackageReference "realm-swift" */,
			);
			productRefGroup = 090B07FE291E67900050F039 /* Products */;
			projectDirPath = "";
			projectRoot = "";
			targets = (
				090B07FC291E67900050F039 /* InsertCoin */,
			);
		};
/* End PBXProject section */

/* Begin PBXResourcesBuildPhase section */
		090B07FB291E67900050F039 /* Resources */ = {
			isa = PBXResourcesBuildPhase;
			buildActionMask = 2147483647;
			files = (
				090B0808291E67920050F039 /* Preview Assets.xcassets in Resources */,
				090B0805291E67920050F039 /* Assets.xcassets in Resources */,
			);
			runOnlyForDeploymentPostprocessing = 0;
		};
/* End PBXResourcesBuildPhase section */

/* Begin PBXSourcesBuildPhase section */
		090B07F9291E67900050F039 /* Sources */ = {
			isa = PBXSourcesBuildPhase;
			buildActionMask = 2147483647;
			files = (
				090B082A291E6AF80050F039 /* CategoryStatusView.swift in Sources */,
				090B0801291E67900050F039 /* InsertCoinApp.swift in Sources */,
				090B0834291E976B0050F039 /* Total.swift in Sources */,
				090B0836291E9A3B0050F039 /* TotalAmount.swift in Sources */,
				090B082E291E6B0E0050F039 /* ExpenditureCardView.swift in Sources */,
				090B0828291E6AEB0050F039 /* CategoryAddView.swift in Sources */,
				090B0824291E6AD50050F039 /* CategoryCardView.swift in Sources */,
				090B0822291E6AC80050F039 /* HeaderView.swift in Sources */,
				090B0813291E67CF0050F039 /* HomeView.swift in Sources */,
				090B081C291E68690050F039 /* Migrator.swift in Sources */,
				090B0815291E67DE0050F039 /* Category.swift in Sources */,
				090B081E291E693E0050F039 /* Expenditure.swift in Sources */,
				090B0832291E6B220050F039 /* ExpenditureModalView.swift in Sources */,
				090B082C291E6B040050F039 /* CategoryGaugeView.swift in Sources */,
				090B0826291E6AE20050F039 /* CategoryDetailView.swift in Sources */,
			);
			runOnlyForDeploymentPostprocessing = 0;
		};
/* End PBXSourcesBuildPhase section */

/* Begin XCBuildConfiguration section */
		090B0809291E67920050F039 /* Debug */ = {
			isa = XCBuildConfiguration;
			buildSettings = {
				ALWAYS_SEARCH_USER_PATHS = NO;
				CLANG_ANALYZER_NONNULL = YES;
				CLANG_ANALYZER_NUMBER_OBJECT_CONVERSION = YES_AGGRESSIVE;
				CLANG_CXX_LANGUAGE_STANDARD = "gnu++20";
				CLANG_ENABLE_MODULES = YES;
				CLANG_ENABLE_OBJC_ARC = YES;
				CLANG_ENABLE_OBJC_WEAK = YES;
				CLANG_WARN_BLOCK_CAPTURE_AUTORELEASING = YES;
				CLANG_WARN_BOOL_CONVERSION = YES;
				CLANG_WARN_COMMA = YES;
				CLANG_WARN_CONSTANT_CONVERSION = YES;
				CLANG_WARN_DEPRECATED_OBJC_IMPLEMENTATIONS = YES;
				CLANG_WARN_DIRECT_OBJC_ISA_USAGE = YES_ERROR;
				CLANG_WARN_DOCUMENTATION_COMMENTS = YES;
				CLANG_WARN_EMPTY_BODY = YES;
				CLANG_WARN_ENUM_CONVERSION = YES;
				CLANG_WARN_INFINITE_RECURSION = YES;
				CLANG_WARN_INT_CONVERSION = YES;
				CLANG_WARN_NON_LITERAL_NULL_CONVERSION = YES;
				CLANG_WARN_OBJC_IMPLICIT_RETAIN_SELF = YES;
				CLANG_WARN_OBJC_LITERAL_CONVERSION = YES;
				CLANG_WARN_OBJC_ROOT_CLASS = YES_ERROR;
				CLANG_WARN_QUOTED_INCLUDE_IN_FRAMEWORK_HEADER = YES;
				CLANG_WARN_RANGE_LOOP_ANALYSIS = YES;
				CLANG_WARN_STRICT_PROTOTYPES = YES;
				CLANG_WARN_SUSPICIOUS_MOVE = YES;
				CLANG_WARN_UNGUARDED_AVAILABILITY = YES_AGGRESSIVE;
				CLANG_WARN_UNREACHABLE_CODE = YES;
				CLANG_WARN__DUPLICATE_METHOD_MATCH = YES;
				COPY_PHASE_STRIP = NO;
				DEBUG_INFORMATION_FORMAT = dwarf;
				ENABLE_STRICT_OBJC_MSGSEND = YES;
				ENABLE_TESTABILITY = YES;
				GCC_C_LANGUAGE_STANDARD = gnu11;
				GCC_DYNAMIC_NO_PIC = NO;
				GCC_NO_COMMON_BLOCKS = YES;
				GCC_OPTIMIZATION_LEVEL = 0;
				GCC_PREPROCESSOR_DEFINITIONS = (
					"DEBUG=1",
					"$(inherited)",
				);
				GCC_WARN_64_TO_32_BIT_CONVERSION = YES;
				GCC_WARN_ABOUT_RETURN_TYPE = YES_ERROR;
				GCC_WARN_UNDECLARED_SELECTOR = YES;
				GCC_WARN_UNINITIALIZED_AUTOS = YES_AGGRESSIVE;
				GCC_WARN_UNUSED_FUNCTION = YES;
				GCC_WARN_UNUSED_VARIABLE = YES;
				IPHONEOS_DEPLOYMENT_TARGET = 16.0;
				MTL_ENABLE_DEBUG_INFO = INCLUDE_SOURCE;
				MTL_FAST_MATH = YES;
				ONLY_ACTIVE_ARCH = YES;
				SDKROOT = iphoneos;
				SWIFT_ACTIVE_COMPILATION_CONDITIONS = DEBUG;
				SWIFT_OPTIMIZATION_LEVEL = "-Onone";
			};
			name = Debug;
		};
		090B080A291E67920050F039 /* Release */ = {
			isa = XCBuildConfiguration;
			buildSettings = {
				ALWAYS_SEARCH_USER_PATHS = NO;
				CLANG_ANALYZER_NONNULL = YES;
				CLANG_ANALYZER_NUMBER_OBJECT_CONVERSION = YES_AGGRESSIVE;
				CLANG_CXX_LANGUAGE_STANDARD = "gnu++20";
				CLANG_ENABLE_MODULES = YES;
				CLANG_ENABLE_OBJC_ARC = YES;
				CLANG_ENABLE_OBJC_WEAK = YES;
				CLANG_WARN_BLOCK_CAPTURE_AUTORELEASING = YES;
				CLANG_WARN_BOOL_CONVERSION = YES;
				CLANG_WARN_COMMA = YES;
				CLANG_WARN_CONSTANT_CONVERSION = YES;
				CLANG_WARN_DEPRECATED_OBJC_IMPLEMENTATIONS = YES;
				CLANG_WARN_DIRECT_OBJC_ISA_USAGE = YES_ERROR;
				CLANG_WARN_DOCUMENTATION_COMMENTS = YES;
				CLANG_WARN_EMPTY_BODY = YES;
				CLANG_WARN_ENUM_CONVERSION = YES;
				CLANG_WARN_INFINITE_RECURSION = YES;
				CLANG_WARN_INT_CONVERSION = YES;
				CLANG_WARN_NON_LITERAL_NULL_CONVERSION = YES;
				CLANG_WARN_OBJC_IMPLICIT_RETAIN_SELF = YES;
				CLANG_WARN_OBJC_LITERAL_CONVERSION = YES;
				CLANG_WARN_OBJC_ROOT_CLASS = YES_ERROR;
				CLANG_WARN_QUOTED_INCLUDE_IN_FRAMEWORK_HEADER = YES;
				CLANG_WARN_RANGE_LOOP_ANALYSIS = YES;
				CLANG_WARN_STRICT_PROTOTYPES = YES;
				CLANG_WARN_SUSPICIOUS_MOVE = YES;
				CLANG_WARN_UNGUARDED_AVAILABILITY = YES_AGGRESSIVE;
				CLANG_WARN_UNREACHABLE_CODE = YES;
				CLANG_WARN__DUPLICATE_METHOD_MATCH = YES;
				COPY_PHASE_STRIP = NO;
				DEBUG_INFORMATION_FORMAT = "dwarf-with-dsym";
				ENABLE_NS_ASSERTIONS = NO;
				ENABLE_STRICT_OBJC_MSGSEND = YES;
				GCC_C_LANGUAGE_STANDARD = gnu11;
				GCC_NO_COMMON_BLOCKS = YES;
				GCC_WARN_64_TO_32_BIT_CONVERSION = YES;
				GCC_WARN_ABOUT_RETURN_TYPE = YES_ERROR;
				GCC_WARN_UNDECLARED_SELECTOR = YES;
				GCC_WARN_UNINITIALIZED_AUTOS = YES_AGGRESSIVE;
				GCC_WARN_UNUSED_FUNCTION = YES;
				GCC_WARN_UNUSED_VARIABLE = YES;
				IPHONEOS_DEPLOYMENT_TARGET = 16.0;
				MTL_ENABLE_DEBUG_INFO = NO;
				MTL_FAST_MATH = YES;
				SDKROOT = iphoneos;
				SWIFT_COMPILATION_MODE = wholemodule;
				SWIFT_OPTIMIZATION_LEVEL = "-O";
				VALIDATE_PRODUCT = YES;
			};
			name = Release;
		};
		090B080C291E67920050F039 /* Debug */ = {
			isa = XCBuildConfiguration;
			buildSettings = {
				ASSETCATALOG_COMPILER_APPICON_NAME = AppIcon;
				ASSETCATALOG_COMPILER_GLOBAL_ACCENT_COLOR_NAME = AccentColor;
				CODE_SIGN_STYLE = Automatic;
				CURRENT_PROJECT_VERSION = 1;
				DEVELOPMENT_ASSET_PATHS = "\"InsertCoin/Preview Content\"";
				DEVELOPMENT_TEAM = 53DAD6BN6X;
				ENABLE_PREVIEWS = YES;
				GENERATE_INFOPLIST_FILE = YES;
				INFOPLIST_KEY_UIApplicationSceneManifest_Generation = YES;
				INFOPLIST_KEY_UIApplicationSupportsIndirectInputEvents = YES;
				INFOPLIST_KEY_UILaunchScreen_Generation = YES;
				INFOPLIST_KEY_UISupportedInterfaceOrientations_iPad = "UIInterfaceOrientationPortrait UIInterfaceOrientationPortraitUpsideDown UIInterfaceOrientationLandscapeLeft UIInterfaceOrientationLandscapeRight";
				INFOPLIST_KEY_UISupportedInterfaceOrientations_iPhone = "UIInterfaceOrientationPortrait UIInterfaceOrientationLandscapeLeft UIInterfaceOrientationLandscapeRight";
				LD_RUNPATH_SEARCH_PATHS = (
					"$(inherited)",
					"@executable_path/Frameworks",
				);
				MARKETING_VERSION = 1.0;
				PRODUCT_BUNDLE_IDENTIFIER = com.eelijus.roirequin.InsertCoin;
				PRODUCT_NAME = "$(TARGET_NAME)";
				SWIFT_EMIT_LOC_STRINGS = YES;
				SWIFT_VERSION = 5.0;
				TARGETED_DEVICE_FAMILY = "1,2";
			};
			name = Debug;
		};
		090B080D291E67920050F039 /* Release */ = {
			isa = XCBuildConfiguration;
			buildSettings = {
				ASSETCATALOG_COMPILER_APPICON_NAME = AppIcon;
				ASSETCATALOG_COMPILER_GLOBAL_ACCENT_COLOR_NAME = AccentColor;
				CODE_SIGN_STYLE = Automatic;
				CURRENT_PROJECT_VERSION = 1;
				DEVELOPMENT_ASSET_PATHS = "\"InsertCoin/Preview Content\"";
				DEVELOPMENT_TEAM = 53DAD6BN6X;
				ENABLE_PREVIEWS = YES;
				GENERATE_INFOPLIST_FILE = YES;
				INFOPLIST_KEY_UIApplicationSceneManifest_Generation = YES;
				INFOPLIST_KEY_UIApplicationSupportsIndirectInputEvents = YES;
				INFOPLIST_KEY_UILaunchScreen_Generation = YES;
				INFOPLIST_KEY_UISupportedInterfaceOrientations_iPad = "UIInterfaceOrientationPortrait UIInterfaceOrientationPortraitUpsideDown UIInterfaceOrientationLandscapeLeft UIInterfaceOrientationLandscapeRight";
				INFOPLIST_KEY_UISupportedInterfaceOrientations_iPhone = "UIInterfaceOrientationPortrait UIInterfaceOrientationLandscapeLeft UIInterfaceOrientationLandscapeRight";
				LD_RUNPATH_SEARCH_PATHS = (
					"$(inherited)",
					"@executable_path/Frameworks",
				);
				MARKETING_VERSION = 1.0;
				PRODUCT_BUNDLE_IDENTIFIER = com.eelijus.roirequin.InsertCoin;
				PRODUCT_NAME = "$(TARGET_NAME)";
				SWIFT_EMIT_LOC_STRINGS = YES;
				SWIFT_VERSION = 5.0;
				TARGETED_DEVICE_FAMILY = "1,2";
			};
			name = Release;
		};
/* End XCBuildConfiguration section */

/* Begin XCConfigurationList section */
		090B07F8291E67900050F039 /* Build configuration list for PBXProject "InsertCoin" */ = {
			isa = XCConfigurationList;
			buildConfigurations = (
				090B0809291E67920050F039 /* Debug */,
				090B080A291E67920050F039 /* Release */,
			);
			defaultConfigurationIsVisible = 0;
			defaultConfigurationName = Release;
		};
		090B080B291E67920050F039 /* Build configuration list for PBXNativeTarget "InsertCoin" */ = {
			isa = XCConfigurationList;
			buildConfigurations = (
				090B080C291E67920050F039 /* Debug */,
				090B080D291E67920050F039 /* Release */,
			);
			defaultConfigurationIsVisible = 0;
			defaultConfigurationName = Release;
		};
/* End XCConfigurationList section */

/* Begin XCRemoteSwiftPackageReference section */
		090B0816291E684B0050F039 /* XCRemoteSwiftPackageReference "realm-swift" */ = {
			isa = XCRemoteSwiftPackageReference;
			repositoryURL = "https://github.com/realm/realm-swift.git";
			requirement = {
				branch = master;
				kind = branch;
			};
		};
/* End XCRemoteSwiftPackageReference section */

/* Begin XCSwiftPackageProductDependency section */
		090B0817291E684B0050F039 /* Realm */ = {
			isa = XCSwiftPackageProductDependency;
			package = 090B0816291E684B0050F039 /* XCRemoteSwiftPackageReference "realm-swift" */;
			productName = Realm;
		};
		090B0819291E684B0050F039 /* RealmSwift */ = {
			isa = XCSwiftPackageProductDependency;
			package = 090B0816291E684B0050F039 /* XCRemoteSwiftPackageReference "realm-swift" */;
			productName = RealmSwift;
		};
/* End XCSwiftPackageProductDependency section */
	};
	rootObject = 090B07F5291E67900050F039 /* Project object */;
}
